
Microsoft Visual Studio Solution File, Format Version 12.00
# Visual Studio Version 16
VisualStudioVersion = 16.0.30804.86
MinimumVisualStudioVersion = 10.0.40219.1
Project("{FAE04EC0-301F-11D3-BF4B-00C04F79EFBC}") = "GoStyle.Android", "GoStyle\GoStyle.Android\GoStyle.Android.csproj", "{084A22AC-68B5-417E-9E95-AE78E0E367DE}"
EndProject
Project("{FAE04EC0-301F-11D3-BF4B-00C04F79EFBC}") = "GoStyle.iOS", "GoStyle\GoStyle.iOS\GoStyle.iOS.csproj", "{65E388CD-132B-4B32-ADD8-AA204ECBFA88}"
EndProject
Project("{FAE04EC0-301F-11D3-BF4B-00C04F79EFBC}") = "GoStyle", "GoStyle\GoStyle\GoStyle.csproj", "{357DF3CB-A423-4C83-A07D-B31AB36B330C}"
EndProject
Global
	GlobalSection(SolutionConfigurationPlatforms) = preSolution
		Debug|Any CPU = Debug|Any CPU
		Debug|iPhone = Debug|iPhone
		Debug|iPhoneSimulator = Debug|iPhoneSimulator
		Release|Any CPU = Release|Any CPU
		Release|iPhone = Release|iPhone
		Release|iPhoneSimulator = Release|iPhoneSimulator
	EndGlobalSection
	GlobalSection(ProjectConfigurationPlatforms) = postSolution
		{084A22AC-68B5-417E-9E95-AE78E0E367DE}.Debug|Any CPU.ActiveCfg = Debug|Any CPU
		{084A22AC-68B5-417E-9E95-AE78E0E367DE}.Debug|Any CPU.Build.0 = Debug|Any CPU
		{084A22AC-68B5-417E-9E95-AE78E0E367DE}.Debug|Any CPU.Deploy.0 = Debug|Any CPU
		{084A22AC-68B5-417E-9E95-AE78E0E367DE}.Debug|iPhone.ActiveCfg = Debug|Any CPU
		{084A22AC-68B5-417E-9E95-AE78E0E367DE}.Debug|iPhone.Build.0 = Debug|Any CPU
		{084A22AC-68B5-417E-9E95-AE78E0E367DE}.Debug|iPhone.Deploy.0 = Debug|Any CPU
		{084A22AC-68B5-417E-9E95-AE78E0E367DE}.Debug|iPhoneSimulator.ActiveCfg = Debug|Any CPU
		{084A22AC-68B5-417E-9E95-AE78E0E367DE}.Debug|iPhoneSimulator.Build.0 = Debug|Any CPU
		{084A22AC-68B5-417E-9E95-AE78E0E367DE}.Debug|iPhoneSimulator.Deploy.0 = Debug|Any CPU
		{084A22AC-68B5-417E-9E95-AE78E0E367DE}.Release|Any CPU.ActiveCfg = Release|Any CPU
		{084A22AC-68B5-417E-9E95-AE78E0E367DE}.Release|Any CPU.Build.0 = Release|Any CPU
		{084A22AC-68B5-417E-9E95-AE78E0E367DE}.Release|Any CPU.Deploy.0 = Release|Any CPU
		{084A22AC-68B5-417E-9E95-AE78E0E367DE}.Release|iPhone.ActiveCfg = Release|Any CPU
		{084A22AC-68B5-417E-9E95-AE78E0E367DE}.Release|iPhone.Build.0 = Release|Any CPU
		{084A22AC-68B5-417E-9E95-AE78E0E367DE}.Release|iPhone.Deploy.0 = Release|Any CPU
		{084A22AC-68B5-417E-9E95-AE78E0E367DE}.Release|iPhoneSimulator.ActiveCfg = Release|Any CPU
		{084A22AC-68B5-417E-9E95-AE78E0E367DE}.Release|iPhoneSimulator.Build.0 = Release|Any CPU
		{084A22AC-68B5-417E-9E95-AE78E0E367DE}.Release|iPhoneSimulator.Deploy.0 = Release|Any CPU
		{65E388CD-132B-4B32-ADD8-AA204ECBFA88}.Debug|Any CPU.ActiveCfg = Debug|iPhone
		{65E388CD-132B-4B32-ADD8-AA204ECBFA88}.Debug|Any CPU.Build.0 = Debug|iPhone
		{65E388CD-132B-4B32-ADD8-AA204ECBFA88}.Debug|Any CPU.Deploy.0 = Debug|iPhone
		{65E388CD-132B-4B32-ADD8-AA204ECBFA88}.Debug|iPhone.ActiveCfg = Debug|iPhone
		{65E388CD-132B-4B32-ADD8-AA204ECBFA88}.Debug|iPhone.Build.0 = Debug|iPhone
		{65E388CD-132B-4B32-ADD8-AA204ECBFA88}.Debug|iPhone.Deploy.0 = Debug|iPhone
		{65E388CD-132B-4B32-ADD8-AA204ECBFA88}.Debug|iPhoneSimulator.ActiveCfg = Debug|iPhoneSimulator
		{65E388CD-132B-4B32-ADD8-AA204ECBFA88}.Debug|iPhoneSimulator.Build.0 = Debug|iPhoneSimulator
		{65E388CD-132B-4B32-ADD8-AA204ECBFA88}.Debug|iPhoneSimulator.Deploy.0 = Debug|iPhoneSimulator
		{65E388CD-132B-4B32-ADD8-AA204ECBFA88}.Release|Any CPU.ActiveCfg = Release|iPhoneSimulator
		{65E388CD-132B-4B32-ADD8-AA204ECBFA88}.Release|Any CPU.Build.0 = Release|iPhoneSimulator
		{65E388CD-132B-4B32-ADD8-AA204ECBFA88}.Release|Any CPU.Deploy.0 = Release|iPhoneSimulator
		{65E388CD-132B-4B32-ADD8-AA204ECBFA88}.Release|iPhone.ActiveCfg = Release|iPhone
		{65E388CD-132B-4B32-ADD8-AA204ECBFA88}.Release|iPhone.Build.0 = Release|iPhone
		{65E388CD-132B-4B32-ADD8-AA204ECBFA88}.Release|iPhone.Deploy.0 = Release|iPhone
		{65E388CD-132B-4B32-ADD8-AA204ECBFA88}.Release|iPhoneSimulator.ActiveCfg = Release|iPhoneSimulator
		{65E388CD-132B-4B32-ADD8-AA204ECBFA88}.Release|iPhoneSimulator.Build.0 = Release|iPhoneSimulator
		{65E388CD-132B-4B32-ADD8-AA204ECBFA88}.Release|iPhoneSimulator.Deploy.0 = Release|iPhoneSimulator
		{357DF3CB-A423-4C83-A07D-B31AB36B330C}.Debug|Any CPU.ActiveCfg = Debug|Any CPU
		{357DF3CB-A423-4C83-A07D-B31AB36B330C}.Debug|Any CPU.Build.0 = Debug|Any CPU
		{357DF3CB-A423-4C83-A07D-B31AB36B330C}.Debug|Any CPU.Deploy.0 = Debug|Any CPU
		{357DF3CB-A423-4C83-A07D-B31AB36B330C}.Debug|iPhone.ActiveCfg = Debug|Any CPU
		{357DF3CB-A423-4C83-A07D-B31AB36B330C}.Debug|iPhone.Build.0 = Debug|Any CPU
		{357DF3CB-A423-4C83-A07D-B31AB36B330C}.Debug|iPhone.Deploy.0 = Debug|Any CPU
		{357DF3CB-A423-4C83-A07D-B31AB36B330C}.Debug|iPhoneSimulator.ActiveCfg = Debug|Any CPU
		{357DF3CB-A423-4C83-A07D-B31AB36B330C}.Debug|iPhoneSimulator.Build.0 = Debug|Any CPU
		{357DF3CB-A423-4C83-A07D-B31AB36B330C}.Debug|iPhoneSimulator.Deploy.0 = Debug|Any CPU
		{357DF3CB-A423-4C83-A07D-B31AB36B330C}.Release|Any CPU.ActiveCfg = Release|Any CPU
		{357DF3CB-A423-4C83-A07D-B31AB36B330C}.Release|Any CPU.Build.0 = Release|Any CPU
		{357DF3CB-A423-4C83-A07D-B31AB36B330C}.Release|Any CPU.Deploy.0 = Release|Any CPU
		{357DF3CB-A423-4C83-A07D-B31AB36B330C}.Release|iPhone.ActiveCfg = Release|Any CPU
		{357DF3CB-A423-4C83-A07D-B31AB36B330C}.Release|iPhone.Build.0 = Release|Any CPU
		{357DF3CB-A423-4C83-A07D-B31AB36B330C}.Release|iPhone.Deploy.0 = Release|Any CPU
		{357DF3CB-A423-4C83-A07D-B31AB36B330C}.Release|iPhoneSimulator.ActiveCfg = Release|Any CPU
		{357DF3CB-A423-4C83-A07D-B31AB36B330C}.Release|iPhoneSimulator.Build.0 = Release|Any CPU
		{357DF3CB-A423-4C83-A07D-B31AB36B330C}.Release|iPhoneSimulator.Deploy.0 = Release|Any CPU
	EndGlobalSection
	GlobalSection(SolutionProperties) = preSolution
		HideSolutionNode = FALSE
	EndGlobalSection
	GlobalSection(ExtensibilityGlobals) = postSolution
		SolutionGuid = {CD33DF38-AE89-4985-B884-71A65F305055}
	EndGlobalSection
EndGlobal
